
Microsoft Visual Studio Solution File, Format Version 12.00
# Visual Studio Version 17
VisualStudioVersion = 17.3.32825.248
MinimumVisualStudioVersion = 10.0.40219.1
Project("{9A19103F-16F7-4668-BE54-9A1E7A4F7556}") = "Domain", "Domain\Domain.csproj", "{93E82546-FD63-43D8-87A8-0915A18C3194}"
EndProject
Project("{9A19103F-16F7-4668-BE54-9A1E7A4F7556}") = "Services", "Services\Services.csproj", "{A0CFCE31-BF75-499F-8B78-9FE6EA28D8BD}"
EndProject
Project("{9A19103F-16F7-4668-BE54-9A1E7A4F7556}") = "App", "App\App.csproj", "{452F2C7F-E0B8-491A-82D4-A1DCF0902118}"
EndProject
Project("{FAE04EC0-301F-11D3-BF4B-00C04F79EFBC}") = "WebApi", "WebApi\WebApi.csproj", "{E3EFB776-123B-4E2A-889E-61D2DF8CFB42}"
EndProject
Global
	GlobalSection(SolutionConfigurationPlatforms) = preSolution
		Debug|Any CPU = Debug|Any CPU
		Release|Any CPU = Release|Any CPU
	EndGlobalSection
	GlobalSection(ProjectConfigurationPlatforms) = postSolution
		{93E82546-FD63-43D8-87A8-0915A18C3194}.Debug|Any CPU.ActiveCfg = Debug|Any CPU
		{93E82546-FD63-43D8-87A8-0915A18C3194}.Debug|Any CPU.Build.0 = Debug|Any CPU
		{93E82546-FD63-43D8-87A8-0915A18C3194}.Release|Any CPU.ActiveCfg = Release|Any CPU
		{93E82546-FD63-43D8-87A8-0915A18C3194}.Release|Any CPU.Build.0 = Release|Any CPU
		{A0CFCE31-BF75-499F-8B78-9FE6EA28D8BD}.Debug|Any CPU.ActiveCfg = Debug|Any CPU
		{A0CFCE31-BF75-499F-8B78-9FE6EA28D8BD}.Debug|Any CPU.Build.0 = Debug|Any CPU
		{A0CFCE31-BF75-499F-8B78-9FE6EA28D8BD}.Release|Any CPU.ActiveCfg = Release|Any CPU
		{A0CFCE31-BF75-499F-8B78-9FE6EA28D8BD}.Release|Any CPU.Build.0 = Release|Any CPU
		{452F2C7F-E0B8-491A-82D4-A1DCF0902118}.Debug|Any CPU.ActiveCfg = Debug|Any CPU
		{452F2C7F-E0B8-491A-82D4-A1DCF0902118}.Debug|Any CPU.Build.0 = Debug|Any CPU
		{452F2C7F-E0B8-491A-82D4-A1DCF0902118}.Release|Any CPU.ActiveCfg = Release|Any CPU
		{452F2C7F-E0B8-491A-82D4-A1DCF0902118}.Release|Any CPU.Build.0 = Release|Any CPU
		{E3EFB776-123B-4E2A-889E-61D2DF8CFB42}.Debug|Any CPU.ActiveCfg = Debug|Any CPU
		{E3EFB776-123B-4E2A-889E-61D2DF8CFB42}.Debug|Any CPU.Build.0 = Debug|Any CPU
		{E3EFB776-123B-4E2A-889E-61D2DF8CFB42}.Release|Any CPU.ActiveCfg = Release|Any CPU
		{E3EFB776-123B-4E2A-889E-61D2DF8CFB42}.Release|Any CPU.Build.0 = Release|Any CPU
	EndGlobalSection
	GlobalSection(SolutionProperties) = preSolution
		HideSolutionNode = FALSE
	EndGlobalSection
	GlobalSection(ExtensibilityGlobals) = postSolution
		SolutionGuid = {D08332D0-1FE0-4BC6-9878-BA6925EC9526}
	EndGlobalSection
EndGlobal
